
Microsoft Visual Studio Solution File, Format Version 12.00
Project("{FAE04EC0-301F-11D3-BF4B-00C04F79EFBC}") = "keyboard-kata.tests", "keyboard-kata.tests\keyboard-kata.tests.csproj", "{51A50B23-D106-4B09-B17F-6FE60BFF8540}"
EndProject
Global
	GlobalSection(SolutionConfigurationPlatforms) = preSolution
		Debug|Any CPU = Debug|Any CPU
		Release|Any CPU = Release|Any CPU
	EndGlobalSection
	GlobalSection(ProjectConfigurationPlatforms) = postSolution
		{51A50B23-D106-4B09-B17F-6FE60BFF8540}.Debug|Any CPU.ActiveCfg = Debug|Any CPU
		{51A50B23-D106-4B09-B17F-6FE60BFF8540}.Debug|Any CPU.Build.0 = Debug|Any CPU
		{51A50B23-D106-4B09-B17F-6FE60BFF8540}.Release|Any CPU.ActiveCfg = Release|Any CPU
		{51A50B23-D106-4B09-B17F-6FE60BFF8540}.Release|Any CPU.Build.0 = Release|Any CPU
	EndGlobalSection
EndGlobal
